
Microsoft Visual Studio Solution File, Format Version 12.00
# Visual Studio Version 16
VisualStudioVersion = 16.0.32602.291
MinimumVisualStudioVersion = 10.0.40219.1
Project("{8BC9CEB8-8B4A-11D0-8D11-00A0C91BC942}") = "YosysVS", "yosys\YosysVS.vcxproj", "{0A85FA61-B1B7-4F7A-A794-6238A920D852}"
	ProjectSection(ProjectDependencies) = postProject
		{B694D333-0D4B-4BD4-AE35-F8B8DD3248CE} = {B694D333-0D4B-4BD4-AE35-F8B8DD3248CE}
		{202610DF-52B4-424B-8086-1FABA57FF11C} = {202610DF-52B4-424B-8086-1FABA57FF11C}
	EndProjectSection
EndProject
Project("{8BC9CEB8-8B4A-11D0-8D11-00A0C91BC942}") = "synth-rs", "yosys-rs-plugin\synth-rs.vcxproj", "{202610DF-52B4-424B-8086-1FABA57FF11C}"
EndProject
Project("{8BC9CEB8-8B4A-11D0-8D11-00A0C91BC942}") = "de", "logic_synthesis-rs\de\de.vcxproj", "{B694D333-0D4B-4BD4-AE35-F8B8DD3248CE}"
EndProject
Global
	GlobalSection(SolutionConfigurationPlatforms) = preSolution
		Debug|x64 = Debug|x64
		Debug|x86 = Debug|x86
		Release|x64 = Release|x64
		Release|x86 = Release|x86
		Template|x64 = Template|x64
		Template|x86 = Template|x86
	EndGlobalSection
	GlobalSection(ProjectConfigurationPlatforms) = postSolution
		{0A85FA61-B1B7-4F7A-A794-6238A920D852}.Debug|x64.ActiveCfg = Debug|Win32
		{0A85FA61-B1B7-4F7A-A794-6238A920D852}.Debug|x86.ActiveCfg = Debug|Win32
		{0A85FA61-B1B7-4F7A-A794-6238A920D852}.Debug|x86.Build.0 = Debug|Win32
		{0A85FA61-B1B7-4F7A-A794-6238A920D852}.Release|x64.ActiveCfg = Release|x64
		{0A85FA61-B1B7-4F7A-A794-6238A920D852}.Release|x64.Build.0 = Release|x64
		{0A85FA61-B1B7-4F7A-A794-6238A920D852}.Release|x86.ActiveCfg = Release|Win32
		{0A85FA61-B1B7-4F7A-A794-6238A920D852}.Release|x86.Build.0 = Release|Win32
		{0A85FA61-B1B7-4F7A-A794-6238A920D852}.Template|x64.ActiveCfg = Debug|Win32
		{0A85FA61-B1B7-4F7A-A794-6238A920D852}.Template|x64.Build.0 = Debug|Win32
		{0A85FA61-B1B7-4F7A-A794-6238A920D852}.Template|x86.ActiveCfg = Debug|Win32
		{0A85FA61-B1B7-4F7A-A794-6238A920D852}.Template|x86.Build.0 = Debug|Win32
		{202610DF-52B4-424B-8086-1FABA57FF11C}.Debug|x64.ActiveCfg = Debug|x64
		{202610DF-52B4-424B-8086-1FABA57FF11C}.Debug|x64.Build.0 = Debug|x64
		{202610DF-52B4-424B-8086-1FABA57FF11C}.Debug|x86.ActiveCfg = Debug|Win32
		{202610DF-52B4-424B-8086-1FABA57FF11C}.Debug|x86.Build.0 = Debug|Win32
		{202610DF-52B4-424B-8086-1FABA57FF11C}.Release|x64.ActiveCfg = Release|x64
		{202610DF-52B4-424B-8086-1FABA57FF11C}.Release|x64.Build.0 = Release|x64
		{202610DF-52B4-424B-8086-1FABA57FF11C}.Release|x86.ActiveCfg = Release|Win32
		{202610DF-52B4-424B-8086-1FABA57FF11C}.Release|x86.Build.0 = Release|Win32
		{202610DF-52B4-424B-8086-1FABA57FF11C}.Template|x64.ActiveCfg = Debug|x64
		{202610DF-52B4-424B-8086-1FABA57FF11C}.Template|x64.Build.0 = Debug|x64
		{202610DF-52B4-424B-8086-1FABA57FF11C}.Template|x86.ActiveCfg = Debug|Win32
		{202610DF-52B4-424B-8086-1FABA57FF11C}.Template|x86.Build.0 = Debug|Win32
		{B694D333-0D4B-4BD4-AE35-F8B8DD3248CE}.Debug|x64.ActiveCfg = Debug|x64
		{B694D333-0D4B-4BD4-AE35-F8B8DD3248CE}.Debug|x64.Build.0 = Debug|x64
		{B694D333-0D4B-4BD4-AE35-F8B8DD3248CE}.Debug|x86.ActiveCfg = Debug|Win32
		{B694D333-0D4B-4BD4-AE35-F8B8DD3248CE}.Debug|x86.Build.0 = Debug|Win32
		{B694D333-0D4B-4BD4-AE35-F8B8DD3248CE}.Release|x64.ActiveCfg = Release|x64
		{B694D333-0D4B-4BD4-AE35-F8B8DD3248CE}.Release|x64.Build.0 = Release|x64
		{B694D333-0D4B-4BD4-AE35-F8B8DD3248CE}.Release|x86.ActiveCfg = Release|Win32
		{B694D333-0D4B-4BD4-AE35-F8B8DD3248CE}.Release|x86.Build.0 = Release|Win32
		{B694D333-0D4B-4BD4-AE35-F8B8DD3248CE}.Template|x64.ActiveCfg = Debug|x64
		{B694D333-0D4B-4BD4-AE35-F8B8DD3248CE}.Template|x64.Build.0 = Debug|x64
		{B694D333-0D4B-4BD4-AE35-F8B8DD3248CE}.Template|x86.ActiveCfg = Debug|Win32
		{B694D333-0D4B-4BD4-AE35-F8B8DD3248CE}.Template|x86.Build.0 = Debug|Win32
	EndGlobalSection
	GlobalSection(SolutionProperties) = preSolution
		HideSolutionNode = FALSE
	EndGlobalSection
	GlobalSection(ExtensibilityGlobals) = postSolution
		SolutionGuid = {462E7A20-1492-4366-B658-4E2E64E183A4}
	EndGlobalSection
EndGlobal
