
Microsoft Visual Studio Solution File, Format Version 12.00
# Visual Studio Version 16
VisualStudioVersion = 16.0.32602.291
MinimumVisualStudioVersion = 10.0.40219.1
Project("{8BC9CEB8-8B4A-11D0-8D11-00A0C91BC942}") = "YosysVS", "yosys\YosysVS.vcxproj", "{0A85FA61-B1B7-4F7A-A794-6238A920D852}"
EndProject
Project("{8BC9CEB8-8B4A-11D0-8D11-00A0C91BC942}") = "synth-rs", "yosys-rs-plugin\synth-rs.vcxproj", "{202610DF-52B4-424B-8086-1FABA57FF11C}"
EndProject
Project("{8BC9CEB8-8B4A-11D0-8D11-00A0C91BC942}") = "de", "logic_synthesis-rs\de\de.vcxproj", "{B694D333-0D4B-4BD4-AE35-F8B8DD3248CE}"
EndProject
Project("{8BC9CEB8-8B4A-11D0-8D11-00A0C91BC942}") = "commands", "Raptor_Tools\verific_rs\commands\commands.vcxproj", "{27F9F665-C1FE-455D-9300-EF6302EC14FA}"
EndProject
Project("{8BC9CEB8-8B4A-11D0-8D11-00A0C91BC942}") = "containers", "Raptor_Tools\verific_rs\containers\containers.vcxproj", "{3D3959CB-18F1-486D-BCEB-5183C12CD2B8}"
EndProject
Project("{8BC9CEB8-8B4A-11D0-8D11-00A0C91BC942}") = "database", "Raptor_Tools\verific_rs\database\database.vcxproj", "{AA52A00E-0799-4CF8-B1E1-1373BB87DF05}"
EndProject
Project("{8BC9CEB8-8B4A-11D0-8D11-00A0C91BC942}") = "hdl_encrypt", "Raptor_Tools\verific_rs\hdl_encrypt\hdl_encrypt.vcxproj", "{2122B338-B2D7-4FF2-90A1-19556EA03B33}"
EndProject
Project("{8BC9CEB8-8B4A-11D0-8D11-00A0C91BC942}") = "hdl_file_sort", "Raptor_Tools\verific_rs\hdl_file_sort\hdl_file_sort.vcxproj", "{E912CC55-1476-4406-BD5B-16CC250983B5}"
EndProject
Project("{8BC9CEB8-8B4A-11D0-8D11-00A0C91BC942}") = "hier_tree", "Raptor_Tools\verific_rs\hier_tree\hier_tree.vcxproj", "{B352E0AC-62FE-411A-A816-582B72906C89}"
EndProject
Project("{8BC9CEB8-8B4A-11D0-8D11-00A0C91BC942}") = "util", "Raptor_Tools\verific_rs\util\util.vcxproj", "{3938B0A8-A624-4876-8373-F5205FB431AB}"
EndProject
Project("{8BC9CEB8-8B4A-11D0-8D11-00A0C91BC942}") = "verilog", "Raptor_Tools\verific_rs\verilog\verilog.vcxproj", "{B70B1D43-90F9-4FD4-BDDE-0667F3CD7052}"
EndProject
Project("{8BC9CEB8-8B4A-11D0-8D11-00A0C91BC942}") = "verilog_nl", "Raptor_Tools\verific_rs\verilog_nl\verilog_nl.vcxproj", "{BEAA89EA-5EE3-40DC-931A-724776C7A53F}"
EndProject
Project("{8BC9CEB8-8B4A-11D0-8D11-00A0C91BC942}") = "vhdl", "Raptor_Tools\verific_rs\vhdl\vhdl.vcxproj", "{A8E2E96D-AE17-4537-A5DC-4B3E07EBA610}"
EndProject
Project("{8BC9CEB8-8B4A-11D0-8D11-00A0C91BC942}") = "abcexe", "logic_synthesis-rs\abc-rs\abcexe.vcxproj", "{6F7784BB-55C8-4864-8920-A999BBF31DF1}"
EndProject
Project("{8BC9CEB8-8B4A-11D0-8D11-00A0C91BC942}") = "abclib", "logic_synthesis-rs\abc-rs\abclib.vcxproj", "{FD6368F0-4402-4B95-A45F-890ACBAEBDCC}"
EndProject
Global
	GlobalSection(SolutionConfigurationPlatforms) = preSolution
		Debug|x64 = Debug|x64
		Debug|x86 = Debug|x86
		Release|x64 = Release|x64
		Release|x86 = Release|x86
		Template|x64 = Template|x64
		Template|x86 = Template|x86
	EndGlobalSection
	GlobalSection(ProjectConfigurationPlatforms) = postSolution
		{0A85FA61-B1B7-4F7A-A794-6238A920D852}.Debug|x64.ActiveCfg = Debug|Win32
		{0A85FA61-B1B7-4F7A-A794-6238A920D852}.Debug|x86.ActiveCfg = Debug|Win32
		{0A85FA61-B1B7-4F7A-A794-6238A920D852}.Debug|x86.Build.0 = Debug|Win32
		{0A85FA61-B1B7-4F7A-A794-6238A920D852}.Release|x64.ActiveCfg = Release|x64
		{0A85FA61-B1B7-4F7A-A794-6238A920D852}.Release|x64.Build.0 = Release|x64
		{0A85FA61-B1B7-4F7A-A794-6238A920D852}.Release|x86.ActiveCfg = Release|Win32
		{0A85FA61-B1B7-4F7A-A794-6238A920D852}.Release|x86.Build.0 = Release|Win32
		{0A85FA61-B1B7-4F7A-A794-6238A920D852}.Template|x64.ActiveCfg = Debug|Win32
		{0A85FA61-B1B7-4F7A-A794-6238A920D852}.Template|x64.Build.0 = Debug|Win32
		{0A85FA61-B1B7-4F7A-A794-6238A920D852}.Template|x86.ActiveCfg = Debug|Win32
		{0A85FA61-B1B7-4F7A-A794-6238A920D852}.Template|x86.Build.0 = Debug|Win32
		{202610DF-52B4-424B-8086-1FABA57FF11C}.Debug|x64.ActiveCfg = Debug|x64
		{202610DF-52B4-424B-8086-1FABA57FF11C}.Debug|x64.Build.0 = Debug|x64
		{202610DF-52B4-424B-8086-1FABA57FF11C}.Debug|x86.ActiveCfg = Debug|Win32
		{202610DF-52B4-424B-8086-1FABA57FF11C}.Debug|x86.Build.0 = Debug|Win32
		{202610DF-52B4-424B-8086-1FABA57FF11C}.Release|x64.ActiveCfg = Release|x64
		{202610DF-52B4-424B-8086-1FABA57FF11C}.Release|x64.Build.0 = Release|x64
		{202610DF-52B4-424B-8086-1FABA57FF11C}.Release|x86.ActiveCfg = Release|Win32
		{202610DF-52B4-424B-8086-1FABA57FF11C}.Release|x86.Build.0 = Release|Win32
		{202610DF-52B4-424B-8086-1FABA57FF11C}.Template|x64.ActiveCfg = Debug|x64
		{202610DF-52B4-424B-8086-1FABA57FF11C}.Template|x64.Build.0 = Debug|x64
		{202610DF-52B4-424B-8086-1FABA57FF11C}.Template|x86.ActiveCfg = Debug|Win32
		{202610DF-52B4-424B-8086-1FABA57FF11C}.Template|x86.Build.0 = Debug|Win32
		{B694D333-0D4B-4BD4-AE35-F8B8DD3248CE}.Debug|x64.ActiveCfg = Debug|x64
		{B694D333-0D4B-4BD4-AE35-F8B8DD3248CE}.Debug|x64.Build.0 = Debug|x64
		{B694D333-0D4B-4BD4-AE35-F8B8DD3248CE}.Debug|x86.ActiveCfg = Debug|Win32
		{B694D333-0D4B-4BD4-AE35-F8B8DD3248CE}.Debug|x86.Build.0 = Debug|Win32
		{B694D333-0D4B-4BD4-AE35-F8B8DD3248CE}.Release|x64.ActiveCfg = Release|x64
		{B694D333-0D4B-4BD4-AE35-F8B8DD3248CE}.Release|x64.Build.0 = Release|x64
		{B694D333-0D4B-4BD4-AE35-F8B8DD3248CE}.Release|x86.ActiveCfg = Release|Win32
		{B694D333-0D4B-4BD4-AE35-F8B8DD3248CE}.Release|x86.Build.0 = Release|Win32
		{B694D333-0D4B-4BD4-AE35-F8B8DD3248CE}.Template|x64.ActiveCfg = Debug|x64
		{B694D333-0D4B-4BD4-AE35-F8B8DD3248CE}.Template|x64.Build.0 = Debug|x64
		{B694D333-0D4B-4BD4-AE35-F8B8DD3248CE}.Template|x86.ActiveCfg = Debug|Win32
		{B694D333-0D4B-4BD4-AE35-F8B8DD3248CE}.Template|x86.Build.0 = Debug|Win32
		{27F9F665-C1FE-455D-9300-EF6302EC14FA}.Debug|x64.ActiveCfg = Debug|x64
		{27F9F665-C1FE-455D-9300-EF6302EC14FA}.Debug|x64.Build.0 = Debug|x64
		{27F9F665-C1FE-455D-9300-EF6302EC14FA}.Debug|x86.ActiveCfg = Debug|Win32
		{27F9F665-C1FE-455D-9300-EF6302EC14FA}.Debug|x86.Build.0 = Debug|Win32
		{27F9F665-C1FE-455D-9300-EF6302EC14FA}.Release|x64.ActiveCfg = Release|x64
		{27F9F665-C1FE-455D-9300-EF6302EC14FA}.Release|x64.Build.0 = Release|x64
		{27F9F665-C1FE-455D-9300-EF6302EC14FA}.Release|x86.ActiveCfg = Release|Win32
		{27F9F665-C1FE-455D-9300-EF6302EC14FA}.Release|x86.Build.0 = Release|Win32
		{27F9F665-C1FE-455D-9300-EF6302EC14FA}.Template|x64.ActiveCfg = Debug|x64
		{27F9F665-C1FE-455D-9300-EF6302EC14FA}.Template|x64.Build.0 = Debug|x64
		{27F9F665-C1FE-455D-9300-EF6302EC14FA}.Template|x86.ActiveCfg = Debug|Win32
		{27F9F665-C1FE-455D-9300-EF6302EC14FA}.Template|x86.Build.0 = Debug|Win32
		{3D3959CB-18F1-486D-BCEB-5183C12CD2B8}.Debug|x64.ActiveCfg = Debug|x64
		{3D3959CB-18F1-486D-BCEB-5183C12CD2B8}.Debug|x64.Build.0 = Debug|x64
		{3D3959CB-18F1-486D-BCEB-5183C12CD2B8}.Debug|x86.ActiveCfg = Debug|Win32
		{3D3959CB-18F1-486D-BCEB-5183C12CD2B8}.Debug|x86.Build.0 = Debug|Win32
		{3D3959CB-18F1-486D-BCEB-5183C12CD2B8}.Release|x64.ActiveCfg = Release|x64
		{3D3959CB-18F1-486D-BCEB-5183C12CD2B8}.Release|x64.Build.0 = Release|x64
		{3D3959CB-18F1-486D-BCEB-5183C12CD2B8}.Release|x86.ActiveCfg = Release|Win32
		{3D3959CB-18F1-486D-BCEB-5183C12CD2B8}.Release|x86.Build.0 = Release|Win32
		{3D3959CB-18F1-486D-BCEB-5183C12CD2B8}.Template|x64.ActiveCfg = Debug|x64
		{3D3959CB-18F1-486D-BCEB-5183C12CD2B8}.Template|x64.Build.0 = Debug|x64
		{3D3959CB-18F1-486D-BCEB-5183C12CD2B8}.Template|x86.ActiveCfg = Debug|Win32
		{3D3959CB-18F1-486D-BCEB-5183C12CD2B8}.Template|x86.Build.0 = Debug|Win32
		{AA52A00E-0799-4CF8-B1E1-1373BB87DF05}.Debug|x64.ActiveCfg = Debug|x64
		{AA52A00E-0799-4CF8-B1E1-1373BB87DF05}.Debug|x64.Build.0 = Debug|x64
		{AA52A00E-0799-4CF8-B1E1-1373BB87DF05}.Debug|x86.ActiveCfg = Debug|Win32
		{AA52A00E-0799-4CF8-B1E1-1373BB87DF05}.Debug|x86.Build.0 = Debug|Win32
		{AA52A00E-0799-4CF8-B1E1-1373BB87DF05}.Release|x64.ActiveCfg = Release|x64
		{AA52A00E-0799-4CF8-B1E1-1373BB87DF05}.Release|x64.Build.0 = Release|x64
		{AA52A00E-0799-4CF8-B1E1-1373BB87DF05}.Release|x86.ActiveCfg = Release|Win32
		{AA52A00E-0799-4CF8-B1E1-1373BB87DF05}.Release|x86.Build.0 = Release|Win32
		{AA52A00E-0799-4CF8-B1E1-1373BB87DF05}.Template|x64.ActiveCfg = Debug|x64
		{AA52A00E-0799-4CF8-B1E1-1373BB87DF05}.Template|x64.Build.0 = Debug|x64
		{AA52A00E-0799-4CF8-B1E1-1373BB87DF05}.Template|x86.ActiveCfg = Debug|Win32
		{AA52A00E-0799-4CF8-B1E1-1373BB87DF05}.Template|x86.Build.0 = Debug|Win32
		{2122B338-B2D7-4FF2-90A1-19556EA03B33}.Debug|x64.ActiveCfg = Debug|x64
		{2122B338-B2D7-4FF2-90A1-19556EA03B33}.Debug|x64.Build.0 = Debug|x64
		{2122B338-B2D7-4FF2-90A1-19556EA03B33}.Debug|x86.ActiveCfg = Debug|Win32
		{2122B338-B2D7-4FF2-90A1-19556EA03B33}.Debug|x86.Build.0 = Debug|Win32
		{2122B338-B2D7-4FF2-90A1-19556EA03B33}.Release|x64.ActiveCfg = Release|x64
		{2122B338-B2D7-4FF2-90A1-19556EA03B33}.Release|x64.Build.0 = Release|x64
		{2122B338-B2D7-4FF2-90A1-19556EA03B33}.Release|x86.ActiveCfg = Release|Win32
		{2122B338-B2D7-4FF2-90A1-19556EA03B33}.Release|x86.Build.0 = Release|Win32
		{2122B338-B2D7-4FF2-90A1-19556EA03B33}.Template|x64.ActiveCfg = Debug|x64
		{2122B338-B2D7-4FF2-90A1-19556EA03B33}.Template|x64.Build.0 = Debug|x64
		{2122B338-B2D7-4FF2-90A1-19556EA03B33}.Template|x86.ActiveCfg = Debug|Win32
		{2122B338-B2D7-4FF2-90A1-19556EA03B33}.Template|x86.Build.0 = Debug|Win32
		{E912CC55-1476-4406-BD5B-16CC250983B5}.Debug|x64.ActiveCfg = Debug|x64
		{E912CC55-1476-4406-BD5B-16CC250983B5}.Debug|x64.Build.0 = Debug|x64
		{E912CC55-1476-4406-BD5B-16CC250983B5}.Debug|x86.ActiveCfg = Debug|Win32
		{E912CC55-1476-4406-BD5B-16CC250983B5}.Debug|x86.Build.0 = Debug|Win32
		{E912CC55-1476-4406-BD5B-16CC250983B5}.Release|x64.ActiveCfg = Release|x64
		{E912CC55-1476-4406-BD5B-16CC250983B5}.Release|x64.Build.0 = Release|x64
		{E912CC55-1476-4406-BD5B-16CC250983B5}.Release|x86.ActiveCfg = Release|Win32
		{E912CC55-1476-4406-BD5B-16CC250983B5}.Release|x86.Build.0 = Release|Win32
		{E912CC55-1476-4406-BD5B-16CC250983B5}.Template|x64.ActiveCfg = Debug|x64
		{E912CC55-1476-4406-BD5B-16CC250983B5}.Template|x64.Build.0 = Debug|x64
		{E912CC55-1476-4406-BD5B-16CC250983B5}.Template|x86.ActiveCfg = Debug|Win32
		{E912CC55-1476-4406-BD5B-16CC250983B5}.Template|x86.Build.0 = Debug|Win32
		{B352E0AC-62FE-411A-A816-582B72906C89}.Debug|x64.ActiveCfg = Debug|x64
		{B352E0AC-62FE-411A-A816-582B72906C89}.Debug|x64.Build.0 = Debug|x64
		{B352E0AC-62FE-411A-A816-582B72906C89}.Debug|x86.ActiveCfg = Debug|Win32
		{B352E0AC-62FE-411A-A816-582B72906C89}.Debug|x86.Build.0 = Debug|Win32
		{B352E0AC-62FE-411A-A816-582B72906C89}.Release|x64.ActiveCfg = Release|x64
		{B352E0AC-62FE-411A-A816-582B72906C89}.Release|x64.Build.0 = Release|x64
		{B352E0AC-62FE-411A-A816-582B72906C89}.Release|x86.ActiveCfg = Release|Win32
		{B352E0AC-62FE-411A-A816-582B72906C89}.Release|x86.Build.0 = Release|Win32
		{B352E0AC-62FE-411A-A816-582B72906C89}.Template|x64.ActiveCfg = Debug|x64
		{B352E0AC-62FE-411A-A816-582B72906C89}.Template|x64.Build.0 = Debug|x64
		{B352E0AC-62FE-411A-A816-582B72906C89}.Template|x86.ActiveCfg = Debug|Win32
		{B352E0AC-62FE-411A-A816-582B72906C89}.Template|x86.Build.0 = Debug|Win32
		{3938B0A8-A624-4876-8373-F5205FB431AB}.Debug|x64.ActiveCfg = Debug|x64
		{3938B0A8-A624-4876-8373-F5205FB431AB}.Debug|x64.Build.0 = Debug|x64
		{3938B0A8-A624-4876-8373-F5205FB431AB}.Debug|x86.ActiveCfg = Debug|Win32
		{3938B0A8-A624-4876-8373-F5205FB431AB}.Debug|x86.Build.0 = Debug|Win32
		{3938B0A8-A624-4876-8373-F5205FB431AB}.Release|x64.ActiveCfg = Release|x64
		{3938B0A8-A624-4876-8373-F5205FB431AB}.Release|x64.Build.0 = Release|x64
		{3938B0A8-A624-4876-8373-F5205FB431AB}.Release|x86.ActiveCfg = Release|Win32
		{3938B0A8-A624-4876-8373-F5205FB431AB}.Release|x86.Build.0 = Release|Win32
		{3938B0A8-A624-4876-8373-F5205FB431AB}.Template|x64.ActiveCfg = Debug|x64
		{3938B0A8-A624-4876-8373-F5205FB431AB}.Template|x64.Build.0 = Debug|x64
		{3938B0A8-A624-4876-8373-F5205FB431AB}.Template|x86.ActiveCfg = Debug|Win32
		{3938B0A8-A624-4876-8373-F5205FB431AB}.Template|x86.Build.0 = Debug|Win32
		{B70B1D43-90F9-4FD4-BDDE-0667F3CD7052}.Debug|x64.ActiveCfg = Debug|x64
		{B70B1D43-90F9-4FD4-BDDE-0667F3CD7052}.Debug|x64.Build.0 = Debug|x64
		{B70B1D43-90F9-4FD4-BDDE-0667F3CD7052}.Debug|x86.ActiveCfg = Debug|Win32
		{B70B1D43-90F9-4FD4-BDDE-0667F3CD7052}.Debug|x86.Build.0 = Debug|Win32
		{B70B1D43-90F9-4FD4-BDDE-0667F3CD7052}.Release|x64.ActiveCfg = Release|x64
		{B70B1D43-90F9-4FD4-BDDE-0667F3CD7052}.Release|x64.Build.0 = Release|x64
		{B70B1D43-90F9-4FD4-BDDE-0667F3CD7052}.Release|x86.ActiveCfg = Release|Win32
		{B70B1D43-90F9-4FD4-BDDE-0667F3CD7052}.Release|x86.Build.0 = Release|Win32
		{B70B1D43-90F9-4FD4-BDDE-0667F3CD7052}.Template|x64.ActiveCfg = Debug|x64
		{B70B1D43-90F9-4FD4-BDDE-0667F3CD7052}.Template|x64.Build.0 = Debug|x64
		{B70B1D43-90F9-4FD4-BDDE-0667F3CD7052}.Template|x86.ActiveCfg = Debug|Win32
		{B70B1D43-90F9-4FD4-BDDE-0667F3CD7052}.Template|x86.Build.0 = Debug|Win32
		{BEAA89EA-5EE3-40DC-931A-724776C7A53F}.Debug|x64.ActiveCfg = Debug|x64
		{BEAA89EA-5EE3-40DC-931A-724776C7A53F}.Debug|x64.Build.0 = Debug|x64
		{BEAA89EA-5EE3-40DC-931A-724776C7A53F}.Debug|x86.ActiveCfg = Debug|Win32
		{BEAA89EA-5EE3-40DC-931A-724776C7A53F}.Debug|x86.Build.0 = Debug|Win32
		{BEAA89EA-5EE3-40DC-931A-724776C7A53F}.Release|x64.ActiveCfg = Release|x64
		{BEAA89EA-5EE3-40DC-931A-724776C7A53F}.Release|x64.Build.0 = Release|x64
		{BEAA89EA-5EE3-40DC-931A-724776C7A53F}.Release|x86.ActiveCfg = Release|Win32
		{BEAA89EA-5EE3-40DC-931A-724776C7A53F}.Release|x86.Build.0 = Release|Win32
		{BEAA89EA-5EE3-40DC-931A-724776C7A53F}.Template|x64.ActiveCfg = Debug|x64
		{BEAA89EA-5EE3-40DC-931A-724776C7A53F}.Template|x64.Build.0 = Debug|x64
		{BEAA89EA-5EE3-40DC-931A-724776C7A53F}.Template|x86.ActiveCfg = Debug|Win32
		{BEAA89EA-5EE3-40DC-931A-724776C7A53F}.Template|x86.Build.0 = Debug|Win32
		{A8E2E96D-AE17-4537-A5DC-4B3E07EBA610}.Debug|x64.ActiveCfg = Debug|x64
		{A8E2E96D-AE17-4537-A5DC-4B3E07EBA610}.Debug|x64.Build.0 = Debug|x64
		{A8E2E96D-AE17-4537-A5DC-4B3E07EBA610}.Debug|x86.ActiveCfg = Debug|Win32
		{A8E2E96D-AE17-4537-A5DC-4B3E07EBA610}.Debug|x86.Build.0 = Debug|Win32
		{A8E2E96D-AE17-4537-A5DC-4B3E07EBA610}.Release|x64.ActiveCfg = Release|x64
		{A8E2E96D-AE17-4537-A5DC-4B3E07EBA610}.Release|x64.Build.0 = Release|x64
		{A8E2E96D-AE17-4537-A5DC-4B3E07EBA610}.Release|x86.ActiveCfg = Release|Win32
		{A8E2E96D-AE17-4537-A5DC-4B3E07EBA610}.Release|x86.Build.0 = Release|Win32
		{A8E2E96D-AE17-4537-A5DC-4B3E07EBA610}.Template|x64.ActiveCfg = Debug|x64
		{A8E2E96D-AE17-4537-A5DC-4B3E07EBA610}.Template|x64.Build.0 = Debug|x64
		{A8E2E96D-AE17-4537-A5DC-4B3E07EBA610}.Template|x86.ActiveCfg = Debug|Win32
		{A8E2E96D-AE17-4537-A5DC-4B3E07EBA610}.Template|x86.Build.0 = Debug|Win32
		{6F7784BB-55C8-4864-8920-A999BBF31DF1}.Debug|x64.ActiveCfg = Debug|Win32
		{6F7784BB-55C8-4864-8920-A999BBF31DF1}.Debug|x86.ActiveCfg = Debug|Win32
		{6F7784BB-55C8-4864-8920-A999BBF31DF1}.Debug|x86.Build.0 = Debug|Win32
		{6F7784BB-55C8-4864-8920-A999BBF31DF1}.Release|x64.ActiveCfg = Release|x64
		{6F7784BB-55C8-4864-8920-A999BBF31DF1}.Release|x64.Build.0 = Release|x64
		{6F7784BB-55C8-4864-8920-A999BBF31DF1}.Release|x86.ActiveCfg = Release|Win32
		{6F7784BB-55C8-4864-8920-A999BBF31DF1}.Release|x86.Build.0 = Release|Win32
		{6F7784BB-55C8-4864-8920-A999BBF31DF1}.Template|x64.ActiveCfg = Debug|Win32
		{6F7784BB-55C8-4864-8920-A999BBF31DF1}.Template|x64.Build.0 = Debug|Win32
		{6F7784BB-55C8-4864-8920-A999BBF31DF1}.Template|x86.ActiveCfg = Debug|Win32
		{6F7784BB-55C8-4864-8920-A999BBF31DF1}.Template|x86.Build.0 = Debug|Win32
		{FD6368F0-4402-4B95-A45F-890ACBAEBDCC}.Debug|x64.ActiveCfg = Debug|Win32
		{FD6368F0-4402-4B95-A45F-890ACBAEBDCC}.Debug|x86.ActiveCfg = Debug|Win32
		{FD6368F0-4402-4B95-A45F-890ACBAEBDCC}.Debug|x86.Build.0 = Debug|Win32
		{FD6368F0-4402-4B95-A45F-890ACBAEBDCC}.Release|x64.ActiveCfg = Release|x64
		{FD6368F0-4402-4B95-A45F-890ACBAEBDCC}.Release|x64.Build.0 = Release|x64
		{FD6368F0-4402-4B95-A45F-890ACBAEBDCC}.Release|x86.ActiveCfg = Release|Win32
		{FD6368F0-4402-4B95-A45F-890ACBAEBDCC}.Release|x86.Build.0 = Release|Win32
		{FD6368F0-4402-4B95-A45F-890ACBAEBDCC}.Template|x64.ActiveCfg = Template|Win32
		{FD6368F0-4402-4B95-A45F-890ACBAEBDCC}.Template|x86.ActiveCfg = Template|Win32
		{FD6368F0-4402-4B95-A45F-890ACBAEBDCC}.Template|x86.Build.0 = Template|Win32
	EndGlobalSection
	GlobalSection(SolutionProperties) = preSolution
		HideSolutionNode = FALSE
	EndGlobalSection
	GlobalSection(ExtensibilityGlobals) = postSolution
		SolutionGuid = {462E7A20-1492-4366-B658-4E2E64E183A4}
	EndGlobalSection
EndGlobal
